
Microsoft Visual Studio Solution File, Format Version 12.00
Project("{FAE04EC0-301F-11D3-BF4B-00C04F79EFBC}") = "RayTraceThis.Net.WebApi", "RayTraceThis.Net.WebApi\RayTraceThis.Net.WebApi.csproj", "{FF1241A3-DAEB-4D21-81ED-E755CE4AB519}"
EndProject
Project("{2150E333-8FDC-42A3-9474-1A3956D46DE8}") = "Solution Items", "Solution Items", "{86C94951-849B-49A8-A26C-40FBFFAB22BC}"
	ProjectSection(SolutionItems) = preProject
		docker-compose.yml = docker-compose.yml
	EndProjectSection
EndProject
Project("{FAE04EC0-301F-11D3-BF4B-00C04F79EFBC}") = "RayTraceThis.Net.Identity", "RayTraceThis.Net.Identity\RayTraceThis.Net.Identity.csproj", "{A3E7AD05-C534-46D4-BF68-A64D43EC71D4}"
EndProject
Project("{FAE04EC0-301F-11D3-BF4B-00C04F79EFBC}") = "RayTraceThis.Net.Core", "RayTraceThis.Net.Core\RayTraceThis.Net.Core.csproj", "{19561F2C-2AC7-47B0-AC80-C5BAA743B977}"
EndProject
Global
	GlobalSection(SolutionConfigurationPlatforms) = preSolution
		Debug|Any CPU = Debug|Any CPU
		Release|Any CPU = Release|Any CPU
	EndGlobalSection
	GlobalSection(ProjectConfigurationPlatforms) = postSolution
		{FF1241A3-DAEB-4D21-81ED-E755CE4AB519}.Debug|Any CPU.ActiveCfg = Debug|Any CPU
		{FF1241A3-DAEB-4D21-81ED-E755CE4AB519}.Debug|Any CPU.Build.0 = Debug|Any CPU
		{FF1241A3-DAEB-4D21-81ED-E755CE4AB519}.Release|Any CPU.ActiveCfg = Release|Any CPU
		{FF1241A3-DAEB-4D21-81ED-E755CE4AB519}.Release|Any CPU.Build.0 = Release|Any CPU
		{A3E7AD05-C534-46D4-BF68-A64D43EC71D4}.Debug|Any CPU.ActiveCfg = Debug|Any CPU
		{A3E7AD05-C534-46D4-BF68-A64D43EC71D4}.Debug|Any CPU.Build.0 = Debug|Any CPU
		{A3E7AD05-C534-46D4-BF68-A64D43EC71D4}.Release|Any CPU.ActiveCfg = Release|Any CPU
		{A3E7AD05-C534-46D4-BF68-A64D43EC71D4}.Release|Any CPU.Build.0 = Release|Any CPU
		{19561F2C-2AC7-47B0-AC80-C5BAA743B977}.Debug|Any CPU.ActiveCfg = Debug|Any CPU
		{19561F2C-2AC7-47B0-AC80-C5BAA743B977}.Debug|Any CPU.Build.0 = Debug|Any CPU
		{19561F2C-2AC7-47B0-AC80-C5BAA743B977}.Release|Any CPU.ActiveCfg = Release|Any CPU
		{19561F2C-2AC7-47B0-AC80-C5BAA743B977}.Release|Any CPU.Build.0 = Release|Any CPU
	EndGlobalSection
EndGlobal
